// !$*UTF8*$!
{
	archiveVersion = 1;
	classes = {
	};
	objectVersion = 56;
	objects = {

/* Begin PBXBuildFile section */
		5F1D0C4F2948984200EACCB9 /* AppDelegate.swift in Sources */ = {isa = PBXBuildFile; fileRef = 5F1D0C4E2948984200EACCB9 /* AppDelegate.swift */; };
		5F1D0C512948984200EACCB9 /* SceneDelegate.swift in Sources */ = {isa = PBXBuildFile; fileRef = 5F1D0C502948984200EACCB9 /* SceneDelegate.swift */; };
		5F1D0C532948984200EACCB9 /* ViewController.swift in Sources */ = {isa = PBXBuildFile; fileRef = 5F1D0C522948984200EACCB9 /* ViewController.swift */; };
		5F1D0C562948984200EACCB9 /* Main.storyboard in Resources */ = {isa = PBXBuildFile; fileRef = 5F1D0C542948984200EACCB9 /* Main.storyboard */; };
		5F1D0C582948984300EACCB9 /* Assets.xcassets in Resources */ = {isa = PBXBuildFile; fileRef = 5F1D0C572948984300EACCB9 /* Assets.xcassets */; };
		5F1D0C5B2948984300EACCB9 /* LaunchScreen.storyboard in Resources */ = {isa = PBXBuildFile; fileRef = 5F1D0C592948984300EACCB9 /* LaunchScreen.storyboard */; };
		5F3752862948A90C00CBC819 /* AnimeModel.swift in Sources */ = {isa = PBXBuildFile; fileRef = 5F3752852948A90C00CBC819 /* AnimeModel.swift */; };
/* End PBXBuildFile section */

/* Begin PBXFileReference section */
		5F1D0C4B2948984200EACCB9 /* ParsingFromJSON.app */ = {isa = PBXFileReference; explicitFileType = wrapper.application; includeInIndex = 0; path = ParsingFromJSON.app; sourceTree = BUILT_PRODUCTS_DIR; };
		5F1D0C4E2948984200EACCB9 /* AppDelegate.swift */ = {isa = PBXFileReference; lastKnownFileType = sourcecode.swift; path = AppDelegate.swift; sourceTree = "<group>"; };
		5F1D0C502948984200EACCB9 /* SceneDelegate.swift */ = {isa = PBXFileReference; lastKnownFileType = sourcecode.swift; path = SceneDelegate.swift; sourceTree = "<group>"; };
		5F1D0C522948984200EACCB9 /* ViewController.swift */ = {isa = PBXFileReference; lastKnownFileType = sourcecode.swift; path = ViewController.swift; sourceTree = "<group>"; };
		5F1D0C552948984200EACCB9 /* Base */ = {isa = PBXFileReference; lastKnownFileType = file.storyboard; name = Base; path = Base.lproj/Main.storyboard; sourceTree = "<group>"; };
		5F1D0C572948984300EACCB9 /* Assets.xcassets */ = {isa = PBXFileReference; lastKnownFileType = folder.assetcatalog; path = Assets.xcassets; sourceTree = "<group>"; };
		5F1D0C5A2948984300EACCB9 /* Base */ = {isa = PBXFileReference; lastKnownFileType = file.storyboard; name = Base; path = Base.lproj/LaunchScreen.storyboard; sourceTree = "<group>"; };
		5F1D0C5C2948984300EACCB9 /* Info.plist */ = {isa = PBXFileReference; lastKnownFileType = text.plist.xml; path = Info.plist; sourceTree = "<group>"; };
		5F3752852948A90C00CBC819 /* AnimeModel.swift */ = {isa = PBXFileReference; lastKnownFileType = sourcecode.swift; path = AnimeModel.swift; sourceTree = "<group>"; };
/* End PBXFileReference section */

/* Begin PBXFrameworksBuildPhase section */
		5F1D0C482948984200EACCB9 /* Frameworks */ = {
			isa = PBXFrameworksBuildPhase;
			buildActionMask = 2147483647;
			files = (
			);
			runOnlyForDeploymentPostprocessing = 0;
		};
/* End PBXFrameworksBuildPhase section */

/* Begin PBXGroup section */
		5F1D0C422948984200EACCB9 = {
			isa = PBXGroup;
			children = (
				5F1D0C4D2948984200EACCB9 /* ParsingFromJSON */,
				5F1D0C4C2948984200EACCB9 /* Products */,
			);
			sourceTree = "<group>";
		};
		5F1D0C4C2948984200EACCB9 /* Products */ = {
			isa = PBXGroup;
			children = (
				5F1D0C4B2948984200EACCB9 /* ParsingFromJSON.app */,
			);
			name = Products;
			sourceTree = "<group>";
		};
		5F1D0C4D2948984200EACCB9 /* ParsingFromJSON */ = {
			isa = PBXGroup;
			children = (
				5F1D0C6629489EB200EACCB9 /* Model */,
				5F1D0C6229489E6500EACCB9 /* App */,
				5F1D0C6429489E9500EACCB9 /* ViewControllers */,
				5F1D0C6329489E8800EACCB9 /* StoryBoards */,
				5F1D0C6529489EA100EACCB9 /* Resources */,
			);
			path = ParsingFromJSON;
			sourceTree = "<group>";
		};
		5F1D0C6229489E6500EACCB9 /* App */ = {
			isa = PBXGroup;
			children = (
				5F1D0C4E2948984200EACCB9 /* AppDelegate.swift */,
				5F1D0C502948984200EACCB9 /* SceneDelegate.swift */,
				5F1D0C5C2948984300EACCB9 /* Info.plist */,
			);
			path = App;
			sourceTree = "<group>";
		};
		5F1D0C6329489E8800EACCB9 /* StoryBoards */ = {
			isa = PBXGroup;
			children = (
				5F1D0C542948984200EACCB9 /* Main.storyboard */,
				5F1D0C592948984300EACCB9 /* LaunchScreen.storyboard */,
			);
			path = StoryBoards;
			sourceTree = "<group>";
		};
		5F1D0C6429489E9500EACCB9 /* ViewControllers */ = {
			isa = PBXGroup;
			children = (
				5F1D0C522948984200EACCB9 /* ViewController.swift */,
			);
			path = ViewControllers;
			sourceTree = "<group>";
		};
		5F1D0C6529489EA100EACCB9 /* Resources */ = {
			isa = PBXGroup;
			children = (
				5F1D0C572948984300EACCB9 /* Assets.xcassets */,
			);
			path = Resources;
			sourceTree = "<group>";
		};
		5F1D0C6629489EB200EACCB9 /* Model */ = {
			isa = PBXGroup;
			children = (
				5F3752852948A90C00CBC819 /* AnimeModel.swift */,
			);
			path = Model;
			sourceTree = "<group>";
		};
/* End PBXGroup section */

/* Begin PBXNativeTarget section */
		5F1D0C4A2948984200EACCB9 /* ParsingFromJSON */ = {
			isa = PBXNativeTarget;
			buildConfigurationList = 5F1D0C5F2948984300EACCB9 /* Build configuration list for PBXNativeTarget "ParsingFromJSON" */;
			buildPhases = (
				5F1D0C472948984200EACCB9 /* Sources */,
				5F1D0C482948984200EACCB9 /* Frameworks */,
				5F1D0C492948984200EACCB9 /* Resources */,
			);
			buildRules = (
			);
			dependencies = (
			);
			name = ParsingFromJSON;
			productName = ParsingFromJSON;
			productReference = 5F1D0C4B2948984200EACCB9 /* ParsingFromJSON.app */;
			productType = "com.apple.product-type.application";
		};
/* End PBXNativeTarget section */

/* Begin PBXProject section */
		5F1D0C432948984200EACCB9 /* Project object */ = {
			isa = PBXProject;
			attributes = {
				BuildIndependentTargetsInParallel = 1;
				LastSwiftUpdateCheck = 1410;
				LastUpgradeCheck = 1410;
				TargetAttributes = {
					5F1D0C4A2948984200EACCB9 = {
						CreatedOnToolsVersion = 14.1;
					};
				};
			};
			buildConfigurationList = 5F1D0C462948984200EACCB9 /* Build configuration list for PBXProject "ParsingFromJSON" */;
			compatibilityVersion = "Xcode 14.0";
			developmentRegion = en;
			hasScannedForEncodings = 0;
			knownRegions = (
				en,
				Base,
			);
			mainGroup = 5F1D0C422948984200EACCB9;
			productRefGroup = 5F1D0C4C2948984200EACCB9 /* Products */;
			projectDirPath = "";
			projectRoot = "";
			targets = (
				5F1D0C4A2948984200EACCB9 /* ParsingFromJSON */,
			);
		};
/* End PBXProject section */

/* Begin PBXResourcesBuildPhase section */
		5F1D0C492948984200EACCB9 /* Resources */ = {
			isa = PBXResourcesBuildPhase;
			buildActionMask = 2147483647;
			files = (
				5F1D0C5B2948984300EACCB9 /* LaunchScreen.storyboard in Resources */,
				5F1D0C582948984300EACCB9 /* Assets.xcassets in Resources */,
				5F1D0C562948984200EACCB9 /* Main.storyboard in Resources */,
			);
			runOnlyForDeploymentPostprocessing = 0;
		};
/* End PBXResourcesBuildPhase section */

/* Begin PBXSourcesBuildPhase section */
		5F1D0C472948984200EACCB9 /* Sources */ = {
			isa = PBXSourcesBuildPhase;
			buildActionMask = 2147483647;
			files = (
				5F1D0C532948984200EACCB9 /* ViewController.swift in Sources */,
				5F1D0C4F2948984200EACCB9 /* AppDelegate.swift in Sources */,
				5F3752862948A90C00CBC819 /* AnimeModel.swift in Sources */,
				5F1D0C512948984200EACCB9 /* SceneDelegate.swift in Sources */,
			);
			runOnlyForDeploymentPostprocessing = 0;
		};
/* End PBXSourcesBuildPhase section */

/* Begin PBXVariantGroup section */
		5F1D0C542948984200EACCB9 /* Main.storyboard */ = {
			isa = PBXVariantGroup;
			children = (
				5F1D0C552948984200EACCB9 /* Base */,
			);
			name = Main.storyboard;
			sourceTree = "<group>";
		};
		5F1D0C592948984300EACCB9 /* LaunchScreen.storyboard */ = {
			isa = PBXVariantGroup;
			children = (
				5F1D0C5A2948984300EACCB9 /* Base */,
			);
			name = LaunchScreen.storyboard;
			sourceTree = "<group>";
		};
/* End PBXVariantGroup section */

/* Begin XCBuildConfiguration section */
		5F1D0C5D2948984300EACCB9 /* Debug */ = {
			isa = XCBuildConfiguration;
			buildSettings = {
				ALWAYS_SEARCH_USER_PATHS = NO;
				CLANG_ANALYZER_NONNULL = YES;
				CLANG_ANALYZER_NUMBER_OBJECT_CONVERSION = YES_AGGRESSIVE;
				CLANG_CXX_LANGUAGE_STANDARD = "gnu++20";
				CLANG_ENABLE_MODULES = YES;
				CLANG_ENABLE_OBJC_ARC = YES;
				CLANG_ENABLE_OBJC_WEAK = YES;
				CLANG_WARN_BLOCK_CAPTURE_AUTORELEASING = YES;
				CLANG_WARN_BOOL_CONVERSION = YES;
				CLANG_WARN_COMMA = YES;
				CLANG_WARN_CONSTANT_CONVERSION = YES;
				CLANG_WARN_DEPRECATED_OBJC_IMPLEMENTATIONS = YES;
				CLANG_WARN_DIRECT_OBJC_ISA_USAGE = YES_ERROR;
				CLANG_WARN_DOCUMENTATION_COMMENTS = YES;
				CLANG_WARN_EMPTY_BODY = YES;
				CLANG_WARN_ENUM_CONVERSION = YES;
				CLANG_WARN_INFINITE_RECURSION = YES;
				CLANG_WARN_INT_CONVERSION = YES;
				CLANG_WARN_NON_LITERAL_NULL_CONVERSION = YES;
				CLANG_WARN_OBJC_IMPLICIT_RETAIN_SELF = YES;
				CLANG_WARN_OBJC_LITERAL_CONVERSION = YES;
				CLANG_WARN_OBJC_ROOT_CLASS = YES_ERROR;
				CLANG_WARN_QUOTED_INCLUDE_IN_FRAMEWORK_HEADER = YES;
				CLANG_WARN_RANGE_LOOP_ANALYSIS = YES;
				CLANG_WARN_STRICT_PROTOTYPES = YES;
				CLANG_WARN_SUSPICIOUS_MOVE = YES;
				CLANG_WARN_UNGUARDED_AVAILABILITY = YES_AGGRESSIVE;
				CLANG_WARN_UNREACHABLE_CODE = YES;
				CLANG_WARN__DUPLICATE_METHOD_MATCH = YES;
				COPY_PHASE_STRIP = NO;
				DEBUG_INFORMATION_FORMAT = dwarf;
				ENABLE_STRICT_OBJC_MSGSEND = YES;
				ENABLE_TESTABILITY = YES;
				GCC_C_LANGUAGE_STANDARD = gnu11;
				GCC_DYNAMIC_NO_PIC = NO;
				GCC_NO_COMMON_BLOCKS = YES;
				GCC_OPTIMIZATION_LEVEL = 0;
				GCC_PREPROCESSOR_DEFINITIONS = (
					"DEBUG=1",
					"$(inherited)",
				);
				GCC_WARN_64_TO_32_BIT_CONVERSION = YES;
				GCC_WARN_ABOUT_RETURN_TYPE = YES_ERROR;
				GCC_WARN_UNDECLARED_SELECTOR = YES;
				GCC_WARN_UNINITIALIZED_AUTOS = YES_AGGRESSIVE;
				GCC_WARN_UNUSED_FUNCTION = YES;
				GCC_WARN_UNUSED_VARIABLE = YES;
				IPHONEOS_DEPLOYMENT_TARGET = 16.1;
				MTL_ENABLE_DEBUG_INFO = INCLUDE_SOURCE;
				MTL_FAST_MATH = YES;
				ONLY_ACTIVE_ARCH = YES;
				SDKROOT = iphoneos;
				SWIFT_ACTIVE_COMPILATION_CONDITIONS = DEBUG;
				SWIFT_OPTIMIZATION_LEVEL = "-Onone";
			};
			name = Debug;
		};
		5F1D0C5E2948984300EACCB9 /* Release */ = {
			isa = XCBuildConfiguration;
			buildSettings = {
				ALWAYS_SEARCH_USER_PATHS = NO;
				CLANG_ANALYZER_NONNULL = YES;
				CLANG_ANALYZER_NUMBER_OBJECT_CONVERSION = YES_AGGRESSIVE;
				CLANG_CXX_LANGUAGE_STANDARD = "gnu++20";
				CLANG_ENABLE_MODULES = YES;
				CLANG_ENABLE_OBJC_ARC = YES;
				CLANG_ENABLE_OBJC_WEAK = YES;
				CLANG_WARN_BLOCK_CAPTURE_AUTORELEASING = YES;
				CLANG_WARN_BOOL_CONVERSION = YES;
				CLANG_WARN_COMMA = YES;
				CLANG_WARN_CONSTANT_CONVERSION = YES;
				CLANG_WARN_DEPRECATED_OBJC_IMPLEMENTATIONS = YES;
				CLANG_WARN_DIRECT_OBJC_ISA_USAGE = YES_ERROR;
				CLANG_WARN_DOCUMENTATION_COMMENTS = YES;
				CLANG_WARN_EMPTY_BODY = YES;
				CLANG_WARN_ENUM_CONVERSION = YES;
				CLANG_WARN_INFINITE_RECURSION = YES;
				CLANG_WARN_INT_CONVERSION = YES;
				CLANG_WARN_NON_LITERAL_NULL_CONVERSION = YES;
				CLANG_WARN_OBJC_IMPLICIT_RETAIN_SELF = YES;
				CLANG_WARN_OBJC_LITERAL_CONVERSION = YES;
				CLANG_WARN_OBJC_ROOT_CLASS = YES_ERROR;
				CLANG_WARN_QUOTED_INCLUDE_IN_FRAMEWORK_HEADER = YES;
				CLANG_WARN_RANGE_LOOP_ANALYSIS = YES;
				CLANG_WARN_STRICT_PROTOTYPES = YES;
				CLANG_WARN_SUSPICIOUS_MOVE = YES;
				CLANG_WARN_UNGUARDED_AVAILABILITY = YES_AGGRESSIVE;
				CLANG_WARN_UNREACHABLE_CODE = YES;
				CLANG_WARN__DUPLICATE_METHOD_MATCH = YES;
				COPY_PHASE_STRIP = NO;
				DEBUG_INFORMATION_FORMAT = "dwarf-with-dsym";
				ENABLE_NS_ASSERTIONS = NO;
				ENABLE_STRICT_OBJC_MSGSEND = YES;
				GCC_C_LANGUAGE_STANDARD = gnu11;
				GCC_NO_COMMON_BLOCKS = YES;
				GCC_WARN_64_TO_32_BIT_CONVERSION = YES;
				GCC_WARN_ABOUT_RETURN_TYPE = YES_ERROR;
				GCC_WARN_UNDECLARED_SELECTOR = YES;
				GCC_WARN_UNINITIALIZED_AUTOS = YES_AGGRESSIVE;
				GCC_WARN_UNUSED_FUNCTION = YES;
				GCC_WARN_UNUSED_VARIABLE = YES;
				IPHONEOS_DEPLOYMENT_TARGET = 16.1;
				MTL_ENABLE_DEBUG_INFO = NO;
				MTL_FAST_MATH = YES;
				SDKROOT = iphoneos;
				SWIFT_COMPILATION_MODE = wholemodule;
				SWIFT_OPTIMIZATION_LEVEL = "-O";
				VALIDATE_PRODUCT = YES;
			};
			name = Release;
		};
		5F1D0C602948984300EACCB9 /* Debug */ = {
			isa = XCBuildConfiguration;
			buildSettings = {
				ASSETCATALOG_COMPILER_APPICON_NAME = AppIcon;
				ASSETCATALOG_COMPILER_GLOBAL_ACCENT_COLOR_NAME = AccentColor;
				CODE_SIGN_STYLE = Automatic;
				CURRENT_PROJECT_VERSION = 1;
				DEVELOPMENT_TEAM = 4RJ3J5RA5L;
				GENERATE_INFOPLIST_FILE = YES;
				INFOPLIST_FILE = ParsingFromJSON/App/Info.plist;
				INFOPLIST_KEY_UIApplicationSupportsIndirectInputEvents = YES;
				INFOPLIST_KEY_UILaunchStoryboardName = LaunchScreen;
				INFOPLIST_KEY_UIMainStoryboardFile = Main;
				INFOPLIST_KEY_UISupportedInterfaceOrientations = UIInterfaceOrientationPortrait;
				INFOPLIST_KEY_UISupportedInterfaceOrientations_iPad = "UIInterfaceOrientationLandscapeLeft UIInterfaceOrientationLandscapeRight UIInterfaceOrientationPortrait UIInterfaceOrientationPortraitUpsideDown";
				LD_RUNPATH_SEARCH_PATHS = (
					"$(inherited)",
					"@executable_path/Frameworks",
				);
				MARKETING_VERSION = 1.0;
				PRODUCT_BUNDLE_IDENTIFIER = com.alishermalikov.ParsingFromJSON;
				PRODUCT_NAME = "$(TARGET_NAME)";
				SUPPORTED_PLATFORMS = "iphoneos iphonesimulator";
				SUPPORTS_MACCATALYST = NO;
				SUPPORTS_MAC_DESIGNED_FOR_IPHONE_IPAD = NO;
				SWIFT_EMIT_LOC_STRINGS = YES;
				SWIFT_VERSION = 5.0;
				TARGETED_DEVICE_FAMILY = 1;
			};
			name = Debug;
		};
		5F1D0C612948984300EACCB9 /* Release */ = {
			isa = XCBuildConfiguration;
			buildSettings = {
				ASSETCATALOG_COMPILER_APPICON_NAME = AppIcon;
				ASSETCATALOG_COMPILER_GLOBAL_ACCENT_COLOR_NAME = AccentColor;
				CODE_SIGN_STYLE = Automatic;
				CURRENT_PROJECT_VERSION = 1;
				DEVELOPMENT_TEAM = 4RJ3J5RA5L;
				GENERATE_INFOPLIST_FILE = YES;
				INFOPLIST_FILE = ParsingFromJSON/App/Info.plist;
				INFOPLIST_KEY_UIApplicationSupportsIndirectInputEvents = YES;
				INFOPLIST_KEY_UILaunchStoryboardName = LaunchScreen;
				INFOPLIST_KEY_UIMainStoryboardFile = Main;
				INFOPLIST_KEY_UISupportedInterfaceOrientations = UIInterfaceOrientationPortrait;
				INFOPLIST_KEY_UISupportedInterfaceOrientations_iPad = "UIInterfaceOrientationLandscapeLeft UIInterfaceOrientationLandscapeRight UIInterfaceOrientationPortrait UIInterfaceOrientationPortraitUpsideDown";
				LD_RUNPATH_SEARCH_PATHS = (
					"$(inherited)",
					"@executable_path/Frameworks",
				);
				MARKETING_VERSION = 1.0;
				PRODUCT_BUNDLE_IDENTIFIER = com.alishermalikov.ParsingFromJSON;
				PRODUCT_NAME = "$(TARGET_NAME)";
				SUPPORTED_PLATFORMS = "iphoneos iphonesimulator";
				SUPPORTS_MACCATALYST = NO;
				SUPPORTS_MAC_DESIGNED_FOR_IPHONE_IPAD = NO;
				SWIFT_EMIT_LOC_STRINGS = YES;
				SWIFT_VERSION = 5.0;
				TARGETED_DEVICE_FAMILY = 1;
			};
			name = Release;
		};
/* End XCBuildConfiguration section */

/* Begin XCConfigurationList section */
		5F1D0C462948984200EACCB9 /* Build configuration list for PBXProject "ParsingFromJSON" */ = {
			isa = XCConfigurationList;
			buildConfigurations = (
				5F1D0C5D2948984300EACCB9 /* Debug */,
				5F1D0C5E2948984300EACCB9 /* Release */,
			);
			defaultConfigurationIsVisible = 0;
			defaultConfigurationName = Release;
		};
		5F1D0C5F2948984300EACCB9 /* Build configuration list for PBXNativeTarget "ParsingFromJSON" */ = {
			isa = XCConfigurationList;
			buildConfigurations = (
				5F1D0C602948984300EACCB9 /* Debug */,
				5F1D0C612948984300EACCB9 /* Release */,
			);
			defaultConfigurationIsVisible = 0;
			defaultConfigurationName = Release;
		};
/* End XCConfigurationList section */
	};
	rootObject = 5F1D0C432948984200EACCB9 /* Project object */;
}
